PODS:
  - BigInt (3.1.0):
    - SipHash (~> 1.2)
  - CryptoSwift (0.7.2)
  - MnemonicKit (1.2.0):
    - CryptoSwift (= 0.7.2)
  - SipHash (1.2.2)
  - Sodium (0.7.0)
  - SVProgressHUD (2.2.5)
  - TezosKit (0.0.4):
    - BigInt (~> 3.1)
    - MnemonicKit
    - Sodium (~> 0.7.0)

DEPENDENCIES:
  - SVProgressHUD
  - TezosKit (~> 0.0.1)

SPEC REPOS:
  https://github.com/cocoapods/specs.git:
    - BigInt
    - CryptoSwift
    - MnemonicKit
    - SipHash
    - Sodium
    - SVProgressHUD
    - TezosKit

SPEC CHECKSUMS:
  BigInt: 76b5dfdfa3e2e478d4ffdf161aeede5502e2742f
  CryptoSwift: cd2158be2bf639aabc63ec804707c7137c90157c
  MnemonicKit: 9d1d037ba51545db3c1cade164b087c32e9af659
  SipHash: fad90a4683e420c52ef28063063dbbce248ea6d4
  Sodium: c5510cc6f5e1b27858e5f260b5cac80d4a3f9379
  SVProgressHUD: 1428aafac632c1f86f62aa4243ec12008d7a51d6
  TezosKit: 8395f292720650fc485ae8659d0c022a9394bafe

PODFILE CHECKSUM: aad17b2cf5214b60e9911a870f966dead0de994a

COCOAPODS: 1.6.0.beta.2
