// !$*UTF8*$!
{
	archiveVersion = 1;
	classes = {
	};
	objectVersion = 50;
	objects = {

/* Begin PBXBuildFile section */
		164D1ACD00F7A29AD40F4C65 /* Pods_Fornax.framework in Frameworks */ = {isa = PBXBuildFile; fileRef = B4B2902074812B7282BBCA99 /* Pods_Fornax.framework */; };
		772E4E62218FBEE6002A44A3 /* WalletView.swift in Sources */ = {isa = PBXBuildFile; fileRef = 772E4E61218FBEE6002A44A3 /* WalletView.swift */; };
		772E4E64218FC245002A44A3 /* WalletViewController.swift in Sources */ = {isa = PBXBuildFile; fileRef = 772E4E63218FC245002A44A3 /* WalletViewController.swift */; };
		772E4E66218FCF2A002A44A3 /* NewWalletView.swift in Sources */ = {isa = PBXBuildFile; fileRef = 772E4E65218FCF2A002A44A3 /* NewWalletView.swift */; };
		772E4E68218FD6B4002A44A3 /* NewWalletViewController.swift in Sources */ = {isa = PBXBuildFile; fileRef = 772E4E67218FD6B4002A44A3 /* NewWalletViewController.swift */; };
		772E4E6A2190CFC5002A44A3 /* ConfirmWalletViewController.swift in Sources */ = {isa = PBXBuildFile; fileRef = 772E4E692190CFC5002A44A3 /* ConfirmWalletViewController.swift */; };
		772E4E722197B40F002A44A3 /* TextField.swift in Sources */ = {isa = PBXBuildFile; fileRef = 772E4E712197B40F002A44A3 /* TextField.swift */; };
		772E4E742197B7ED002A44A3 /* UIConstants.swift in Sources */ = {isa = PBXBuildFile; fileRef = 772E4E732197B7ED002A44A3 /* UIConstants.swift */; };
		772E4E762197C2D3002A44A3 /* HUDManager.swift in Sources */ = {isa = PBXBuildFile; fileRef = 772E4E752197C2D3002A44A3 /* HUDManager.swift */; };
		772E4E782198CF2C002A44A3 /* InfoLabel.swift in Sources */ = {isa = PBXBuildFile; fileRef = 772E4E772198CF2C002A44A3 /* InfoLabel.swift */; };
		772E4E7A2198D514002A44A3 /* HeroLabel.swift in Sources */ = {isa = PBXBuildFile; fileRef = 772E4E792198D514002A44A3 /* HeroLabel.swift */; };
		772E4E7C2198DE25002A44A3 /* FornaxLogo.swift in Sources */ = {isa = PBXBuildFile; fileRef = 772E4E7B2198DE25002A44A3 /* FornaxLogo.swift */; };
		7786030B218D1BD30036843F /* AppDelegate.swift in Sources */ = {isa = PBXBuildFile; fileRef = 7786030A218D1BD30036843F /* AppDelegate.swift */; };
		77860310218D1BD30036843F /* Main.storyboard in Resources */ = {isa = PBXBuildFile; fileRef = 7786030E218D1BD30036843F /* Main.storyboard */; };
		77860312218D1BD40036843F /* Assets.xcassets in Resources */ = {isa = PBXBuildFile; fileRef = 77860311218D1BD40036843F /* Assets.xcassets */; };
		77860315218D1BD40036843F /* LaunchScreen.storyboard in Resources */ = {isa = PBXBuildFile; fileRef = 77860313218D1BD40036843F /* LaunchScreen.storyboard */; };
		77860320218D20850036843F /* WalletCoordinator.swift in Sources */ = {isa = PBXBuildFile; fileRef = 7786031F218D20850036843F /* WalletCoordinator.swift */; };
		77860322218D26300036843F /* WelcomeView.swift in Sources */ = {isa = PBXBuildFile; fileRef = 77860321218D26300036843F /* WelcomeView.swift */; };
		77860326218D2CE10036843F /* WelcomeViewController.swift in Sources */ = {isa = PBXBuildFile; fileRef = 77860325218D2CE10036843F /* WelcomeViewController.swift */; };
		77860328218D31F10036843F /* InputWalletView.swift in Sources */ = {isa = PBXBuildFile; fileRef = 77860327218D31F10036843F /* InputWalletView.swift */; };
		7786032A218D33E30036843F /* RestoreWalletViewController.swift in Sources */ = {isa = PBXBuildFile; fileRef = 77860329218D33E30036843F /* RestoreWalletViewController.swift */; };
		7786032C218D36330036843F /* Button.swift in Sources */ = {isa = PBXBuildFile; fileRef = 7786032B218D36330036843F /* Button.swift */; };
/* End PBXBuildFile section */

/* Begin PBXFileReference section */
		772E4E61218FBEE6002A44A3 /* WalletView.swift */ = {isa = PBXFileReference; lastKnownFileType = sourcecode.swift; path = WalletView.swift; sourceTree = "<group>"; };
		772E4E63218FC245002A44A3 /* WalletViewController.swift */ = {isa = PBXFileReference; lastKnownFileType = sourcecode.swift; path = WalletViewController.swift; sourceTree = "<group>"; };
		772E4E65218FCF2A002A44A3 /* NewWalletView.swift */ = {isa = PBXFileReference; lastKnownFileType = sourcecode.swift; path = NewWalletView.swift; sourceTree = "<group>"; };
		772E4E67218FD6B4002A44A3 /* NewWalletViewController.swift */ = {isa = PBXFileReference; lastKnownFileType = sourcecode.swift; path = NewWalletViewController.swift; sourceTree = "<group>"; };
		772E4E692190CFC5002A44A3 /* ConfirmWalletViewController.swift */ = {isa = PBXFileReference; lastKnownFileType = sourcecode.swift; path = ConfirmWalletViewController.swift; sourceTree = "<group>"; };
		772E4E712197B40F002A44A3 /* TextField.swift */ = {isa = PBXFileReference; lastKnownFileType = sourcecode.swift; path = TextField.swift; sourceTree = "<group>"; };
		772E4E732197B7ED002A44A3 /* UIConstants.swift */ = {isa = PBXFileReference; lastKnownFileType = sourcecode.swift; path = UIConstants.swift; sourceTree = "<group>"; };
		772E4E752197C2D3002A44A3 /* HUDManager.swift */ = {isa = PBXFileReference; lastKnownFileType = sourcecode.swift; path = HUDManager.swift; sourceTree = "<group>"; };
		772E4E772198CF2C002A44A3 /* InfoLabel.swift */ = {isa = PBXFileReference; lastKnownFileType = sourcecode.swift; path = InfoLabel.swift; sourceTree = "<group>"; };
		772E4E792198D514002A44A3 /* HeroLabel.swift */ = {isa = PBXFileReference; lastKnownFileType = sourcecode.swift; path = HeroLabel.swift; sourceTree = "<group>"; };
		772E4E7B2198DE25002A44A3 /* FornaxLogo.swift */ = {isa = PBXFileReference; lastKnownFileType = sourcecode.swift; path = FornaxLogo.swift; sourceTree = "<group>"; };
		77860307218D1BD30036843F /* Fornax.app */ = {isa = PBXFileReference; explicitFileType = wrapper.application; includeInIndex = 0; path = Fornax.app; sourceTree = BUILT_PRODUCTS_DIR; };
		7786030A218D1BD30036843F /* AppDelegate.swift */ = {isa = PBXFileReference; lastKnownFileType = sourcecode.swift; path = AppDelegate.swift; sourceTree = "<group>"; };
		7786030F218D1BD30036843F /* Base */ = {isa = PBXFileReference; lastKnownFileType = file.storyboard; name = Base; path = Base.lproj/Main.storyboard; sourceTree = "<group>"; };
		77860311218D1BD40036843F /* Assets.xcassets */ = {isa = PBXFileReference; lastKnownFileType = folder.assetcatalog; path = Assets.xcassets; sourceTree = "<group>"; };
		77860314218D1BD40036843F /* Base */ = {isa = PBXFileReference; lastKnownFileType = file.storyboard; name = Base; path = Base.lproj/LaunchScreen.storyboard; sourceTree = "<group>"; };
		77860316218D1BD40036843F /* Info.plist */ = {isa = PBXFileReference; lastKnownFileType = text.plist.xml; path = Info.plist; sourceTree = "<group>"; };
		7786031F218D20850036843F /* WalletCoordinator.swift */ = {isa = PBXFileReference; fileEncoding = 4; lastKnownFileType = sourcecode.swift; path = WalletCoordinator.swift; sourceTree = "<group>"; };
		77860321218D26300036843F /* WelcomeView.swift */ = {isa = PBXFileReference; lastKnownFileType = sourcecode.swift; path = WelcomeView.swift; sourceTree = "<group>"; };
		77860325218D2CE10036843F /* WelcomeViewController.swift */ = {isa = PBXFileReference; fileEncoding = 4; lastKnownFileType = sourcecode.swift; path = WelcomeViewController.swift; sourceTree = "<group>"; };
		77860327218D31F10036843F /* InputWalletView.swift */ = {isa = PBXFileReference; lastKnownFileType = sourcecode.swift; path = InputWalletView.swift; sourceTree = "<group>"; };
		77860329218D33E30036843F /* RestoreWalletViewController.swift */ = {isa = PBXFileReference; lastKnownFileType = sourcecode.swift; path = RestoreWalletViewController.swift; sourceTree = "<group>"; };
		7786032B218D36330036843F /* Button.swift */ = {isa = PBXFileReference; lastKnownFileType = sourcecode.swift; path = Button.swift; sourceTree = "<group>"; };
		9D3C71660855556329A7BF9B /* Pods-Fornax.debug.xcconfig */ = {isa = PBXFileReference; includeInIndex = 1; lastKnownFileType = text.xcconfig; name = "Pods-Fornax.debug.xcconfig"; path = "Target Support Files/Pods-Fornax/Pods-Fornax.debug.xcconfig"; sourceTree = "<group>"; };
		AD842490512F153F68EEA1DF /* Pods-Fornax.release.xcconfig */ = {isa = PBXFileReference; includeInIndex = 1; lastKnownFileType = text.xcconfig; name = "Pods-Fornax.release.xcconfig"; path = "Target Support Files/Pods-Fornax/Pods-Fornax.release.xcconfig"; sourceTree = "<group>"; };
		B4B2902074812B7282BBCA99 /* Pods_Fornax.framework */ = {isa = PBXFileReference; explicitFileType = wrapper.framework; includeInIndex = 0; path = Pods_Fornax.framework; sourceTree = BUILT_PRODUCTS_DIR; };
/* End PBXFileReference section */

/* Begin PBXFrameworksBuildPhase section */
		77860304218D1BD30036843F /* Frameworks */ = {
			isa = PBXFrameworksBuildPhase;
			buildActionMask = 2147483647;
			files = (
				164D1ACD00F7A29AD40F4C65 /* Pods_Fornax.framework in Frameworks */,
			);
			runOnlyForDeploymentPostprocessing = 0;
		};
/* End PBXFrameworksBuildPhase section */

/* Begin PBXGroup section */
		434BD5EC70D22CD451B4AE90 /* Pods */ = {
			isa = PBXGroup;
			children = (
				9D3C71660855556329A7BF9B /* Pods-Fornax.debug.xcconfig */,
				AD842490512F153F68EEA1DF /* Pods-Fornax.release.xcconfig */,
			);
			path = Pods;
			sourceTree = "<group>";
		};
		778602FE218D1BD30036843F = {
			isa = PBXGroup;
			children = (
				77860309218D1BD30036843F /* Sources */,
				77860308218D1BD30036843F /* Products */,
				434BD5EC70D22CD451B4AE90 /* Pods */,
				C5CF3B24F3FB0CA3FCC41A9C /* Frameworks */,
			);
			sourceTree = "<group>";
		};
		77860308218D1BD30036843F /* Products */ = {
			isa = PBXGroup;
			children = (
				77860307218D1BD30036843F /* Fornax.app */,
			);
			name = Products;
			sourceTree = "<group>";
		};
		77860309218D1BD30036843F /* Sources */ = {
			isa = PBXGroup;
			children = (
				772E4E7B2198DE25002A44A3 /* FornaxLogo.swift */,
				772E4E772198CF2C002A44A3 /* InfoLabel.swift */,
				772E4E792198D514002A44A3 /* HeroLabel.swift */,
				772E4E752197C2D3002A44A3 /* HUDManager.swift */,
				772E4E67218FD6B4002A44A3 /* NewWalletViewController.swift */,
				772E4E65218FCF2A002A44A3 /* NewWalletView.swift */,
				77860325218D2CE10036843F /* WelcomeViewController.swift */,
				7786031F218D20850036843F /* WalletCoordinator.swift */,
				7786030A218D1BD30036843F /* AppDelegate.swift */,
				77860321218D26300036843F /* WelcomeView.swift */,
				7786030E218D1BD30036843F /* Main.storyboard */,
				77860311218D1BD40036843F /* Assets.xcassets */,
				77860313218D1BD40036843F /* LaunchScreen.storyboard */,
				77860316218D1BD40036843F /* Info.plist */,
				77860327218D31F10036843F /* InputWalletView.swift */,
				77860329218D33E30036843F /* RestoreWalletViewController.swift */,
				7786032B218D36330036843F /* Button.swift */,
				772E4E63218FC245002A44A3 /* WalletViewController.swift */,
				772E4E61218FBEE6002A44A3 /* WalletView.swift */,
				772E4E692190CFC5002A44A3 /* ConfirmWalletViewController.swift */,
				772E4E712197B40F002A44A3 /* TextField.swift */,
				772E4E732197B7ED002A44A3 /* UIConstants.swift */,
			);
			path = Sources;
			sourceTree = "<group>";
		};
		C5CF3B24F3FB0CA3FCC41A9C /* Frameworks */ = {
			isa = PBXGroup;
			children = (
				B4B2902074812B7282BBCA99 /* Pods_Fornax.framework */,
			);
			name = Frameworks;
			sourceTree = "<group>";
		};
/* End PBXGroup section */

/* Begin PBXNativeTarget section */
		77860306218D1BD30036843F /* Fornax */ = {
			isa = PBXNativeTarget;
			buildConfigurationList = 77860319218D1BD40036843F /* Build configuration list for PBXNativeTarget "Fornax" */;
			buildPhases = (
				ECEF1CA19657E983DA127AFB /* [CP] Check Pods Manifest.lock */,
				77860303218D1BD30036843F /* Sources */,
				77860304218D1BD30036843F /* Frameworks */,
				77860305218D1BD30036843F /* Resources */,
				CDD6ED4466261F3E948663AA /* [CP] Embed Pods Frameworks */,
			);
			buildRules = (
			);
			dependencies = (
			);
			name = Fornax;
			productName = Fornax;
			productReference = 77860307218D1BD30036843F /* Fornax.app */;
			productType = "com.apple.product-type.application";
		};
/* End PBXNativeTarget section */

/* Begin PBXProject section */
		778602FF218D1BD30036843F /* Project object */ = {
			isa = PBXProject;
			attributes = {
				LastSwiftUpdateCheck = 1000;
				LastUpgradeCheck = 1000;
				ORGANIZATIONNAME = "Keefer Taylor";
				TargetAttributes = {
					77860306218D1BD30036843F = {
						CreatedOnToolsVersion = 10.0;
					};
				};
			};
			buildConfigurationList = 77860302218D1BD30036843F /* Build configuration list for PBXProject "Fornax" */;
			compatibilityVersion = "Xcode 9.3";
			developmentRegion = en;
			hasScannedForEncodings = 0;
			knownRegions = (
				en,
				Base,
			);
			mainGroup = 778602FE218D1BD30036843F;
			productRefGroup = 77860308218D1BD30036843F /* Products */;
			projectDirPath = "";
			projectRoot = "";
			targets = (
				77860306218D1BD30036843F /* Fornax */,
			);
		};
/* End PBXProject section */

/* Begin PBXResourcesBuildPhase section */
		77860305218D1BD30036843F /* Resources */ = {
			isa = PBXResourcesBuildPhase;
			buildActionMask = 2147483647;
			files = (
				77860315218D1BD40036843F /* LaunchScreen.storyboard in Resources */,
				77860312218D1BD40036843F /* Assets.xcassets in Resources */,
				77860310218D1BD30036843F /* Main.storyboard in Resources */,
			);
			runOnlyForDeploymentPostprocessing = 0;
		};
/* End PBXResourcesBuildPhase section */

/* Begin PBXShellScriptBuildPhase section */
		CDD6ED4466261F3E948663AA /* [CP] Embed Pods Frameworks */ = {
			isa = PBXShellScriptBuildPhase;
			buildActionMask = 2147483647;
			files = (
			);
			inputFileListPaths = (
			);
			inputPaths = (
				"${PODS_ROOT}/Target Support Files/Pods-Fornax/Pods-Fornax-frameworks.sh",
				"${BUILT_PRODUCTS_DIR}/BigInt/BigInt.framework",
				"${BUILT_PRODUCTS_DIR}/CryptoSwift/CryptoSwift.framework",
				"${BUILT_PRODUCTS_DIR}/MnemonicKit/MnemonicKit.framework",
				"${BUILT_PRODUCTS_DIR}/SVProgressHUD/SVProgressHUD.framework",
				"${BUILT_PRODUCTS_DIR}/SipHash/SipHash.framework",
				"${BUILT_PRODUCTS_DIR}/Sodium/Sodium.framework",
				"${BUILT_PRODUCTS_DIR}/TezosKit/TezosKit.framework",
			);
			name = "[CP] Embed Pods Frameworks";
			outputFileListPaths = (
			);
			outputPaths = (
				"${TARGET_BUILD_DIR}/${FRAMEWORKS_FOLDER_PATH}/BigInt.framework",
				"${TARGET_BUILD_DIR}/${FRAMEWORKS_FOLDER_PATH}/CryptoSwift.framework",
				"${TARGET_BUILD_DIR}/${FRAMEWORKS_FOLDER_PATH}/MnemonicKit.framework",
				"${TARGET_BUILD_DIR}/${FRAMEWORKS_FOLDER_PATH}/SVProgressHUD.framework",
				"${TARGET_BUILD_DIR}/${FRAMEWORKS_FOLDER_PATH}/SipHash.framework",
				"${TARGET_BUILD_DIR}/${FRAMEWORKS_FOLDER_PATH}/Sodium.framework",
				"${TARGET_BUILD_DIR}/${FRAMEWORKS_FOLDER_PATH}/TezosKit.framework",
			);
			runOnlyForDeploymentPostprocessing = 0;
			shellPath = /bin/sh;
			shellScript = "\"${PODS_ROOT}/Target Support Files/Pods-Fornax/Pods-Fornax-frameworks.sh\"\n";
			showEnvVarsInLog = 0;
		};
		ECEF1CA19657E983DA127AFB /* [CP] Check Pods Manifest.lock */ = {
			isa = PBXShellScriptBuildPhase;
			buildActionMask = 2147483647;
			files = (
			);
			inputFileListPaths = (
			);
			inputPaths = (
				"${PODS_PODFILE_DIR_PATH}/Podfile.lock",
				"${PODS_ROOT}/Manifest.lock",
			);
			name = "[CP] Check Pods Manifest.lock";
			outputFileListPaths = (
			);
			outputPaths = (
				"$(DERIVED_FILE_DIR)/Pods-Fornax-checkManifestLockResult.txt",
			);
			runOnlyForDeploymentPostprocessing = 0;
			shellPath = /bin/sh;
			shellScript = "diff \"${PODS_PODFILE_DIR_PATH}/Podfile.lock\" \"${PODS_ROOT}/Manifest.lock\" > /dev/null\nif [ $? != 0 ] ; then\n    # print error to STDERR\n    echo \"error: The sandbox is not in sync with the Podfile.lock. Run 'pod install' or update your CocoaPods installation.\" >&2\n    exit 1\nfi\n# This output is used by Xcode 'outputs' to avoid re-running this script phase.\necho \"SUCCESS\" > \"${SCRIPT_OUTPUT_FILE_0}\"\n";
			showEnvVarsInLog = 0;
		};
/* End PBXShellScriptBuildPhase section */

/* Begin PBXSourcesBuildPhase section */
		77860303218D1BD30036843F /* Sources */ = {
			isa = PBXSourcesBuildPhase;
			buildActionMask = 2147483647;
			files = (
				7786032C218D36330036843F /* Button.swift in Sources */,
				7786030B218D1BD30036843F /* AppDelegate.swift in Sources */,
				77860328218D31F10036843F /* InputWalletView.swift in Sources */,
				772E4E742197B7ED002A44A3 /* UIConstants.swift in Sources */,
				772E4E68218FD6B4002A44A3 /* NewWalletViewController.swift in Sources */,
				77860326218D2CE10036843F /* WelcomeViewController.swift in Sources */,
				772E4E7A2198D514002A44A3 /* HeroLabel.swift in Sources */,
				772E4E782198CF2C002A44A3 /* InfoLabel.swift in Sources */,
				772E4E722197B40F002A44A3 /* TextField.swift in Sources */,
				772E4E66218FCF2A002A44A3 /* NewWalletView.swift in Sources */,
				772E4E6A2190CFC5002A44A3 /* ConfirmWalletViewController.swift in Sources */,
				772E4E762197C2D3002A44A3 /* HUDManager.swift in Sources */,
				77860322218D26300036843F /* WelcomeView.swift in Sources */,
				772E4E64218FC245002A44A3 /* WalletViewController.swift in Sources */,
				7786032A218D33E30036843F /* RestoreWalletViewController.swift in Sources */,
				77860320218D20850036843F /* WalletCoordinator.swift in Sources */,
				772E4E7C2198DE25002A44A3 /* FornaxLogo.swift in Sources */,
				772E4E62218FBEE6002A44A3 /* WalletView.swift in Sources */,
			);
			runOnlyForDeploymentPostprocessing = 0;
		};
/* End PBXSourcesBuildPhase section */

/* Begin PBXVariantGroup section */
		7786030E218D1BD30036843F /* Main.storyboard */ = {
			isa = PBXVariantGroup;
			children = (
				7786030F218D1BD30036843F /* Base */,
			);
			name = Main.storyboard;
			sourceTree = "<group>";
		};
		77860313218D1BD40036843F /* LaunchScreen.storyboard */ = {
			isa = PBXVariantGroup;
			children = (
				77860314218D1BD40036843F /* Base */,
			);
			name = LaunchScreen.storyboard;
			sourceTree = "<group>";
		};
/* End PBXVariantGroup section */

/* Begin XCBuildConfiguration section */
		77860317218D1BD40036843F /* Debug */ = {
			isa = XCBuildConfiguration;
			buildSettings = {
				ALWAYS_SEARCH_USER_PATHS = NO;
				CLANG_ANALYZER_NONNULL = YES;
				CLANG_ANALYZER_NUMBER_OBJECT_CONVERSION = YES_AGGRESSIVE;
				CLANG_CXX_LANGUAGE_STANDARD = "gnu++14";
				CLANG_CXX_LIBRARY = "libc++";
				CLANG_ENABLE_MODULES = YES;
				CLANG_ENABLE_OBJC_ARC = YES;
				CLANG_ENABLE_OBJC_WEAK = YES;
				CLANG_WARN_BLOCK_CAPTURE_AUTORELEASING = YES;
				CLANG_WARN_BOOL_CONVERSION = YES;
				CLANG_WARN_COMMA = YES;
				CLANG_WARN_CONSTANT_CONVERSION = YES;
				CLANG_WARN_DEPRECATED_OBJC_IMPLEMENTATIONS = YES;
				CLANG_WARN_DIRECT_OBJC_ISA_USAGE = YES_ERROR;
				CLANG_WARN_DOCUMENTATION_COMMENTS = YES;
				CLANG_WARN_EMPTY_BODY = YES;
				CLANG_WARN_ENUM_CONVERSION = YES;
				CLANG_WARN_INFINITE_RECURSION = YES;
				CLANG_WARN_INT_CONVERSION = YES;
				CLANG_WARN_NON_LITERAL_NULL_CONVERSION = YES;
				CLANG_WARN_OBJC_IMPLICIT_RETAIN_SELF = YES;
				CLANG_WARN_OBJC_LITERAL_CONVERSION = YES;
				CLANG_WARN_OBJC_ROOT_CLASS = YES_ERROR;
				CLANG_WARN_RANGE_LOOP_ANALYSIS = YES;
				CLANG_WARN_STRICT_PROTOTYPES = YES;
				CLANG_WARN_SUSPICIOUS_MOVE = YES;
				CLANG_WARN_UNGUARDED_AVAILABILITY = YES_AGGRESSIVE;
				CLANG_WARN_UNREACHABLE_CODE = YES;
				CLANG_WARN__DUPLICATE_METHOD_MATCH = YES;
				CODE_SIGN_IDENTITY = "iPhone Developer";
				COPY_PHASE_STRIP = NO;
				DEBUG_INFORMATION_FORMAT = dwarf;
				ENABLE_STRICT_OBJC_MSGSEND = YES;
				ENABLE_TESTABILITY = YES;
				GCC_C_LANGUAGE_STANDARD = gnu11;
				GCC_DYNAMIC_NO_PIC = NO;
				GCC_NO_COMMON_BLOCKS = YES;
				GCC_OPTIMIZATION_LEVEL = 0;
				GCC_PREPROCESSOR_DEFINITIONS = (
					"DEBUG=1",
					"$(inherited)",
				);
				GCC_WARN_64_TO_32_BIT_CONVERSION = YES;
				GCC_WARN_ABOUT_RETURN_TYPE = YES_ERROR;
				GCC_WARN_UNDECLARED_SELECTOR = YES;
				GCC_WARN_UNINITIALIZED_AUTOS = YES_AGGRESSIVE;
				GCC_WARN_UNUSED_FUNCTION = YES;
				GCC_WARN_UNUSED_VARIABLE = YES;
				IPHONEOS_DEPLOYMENT_TARGET = 12.0;
				MTL_ENABLE_DEBUG_INFO = INCLUDE_SOURCE;
				MTL_FAST_MATH = YES;
				ONLY_ACTIVE_ARCH = YES;
				SDKROOT = iphoneos;
				SWIFT_ACTIVE_COMPILATION_CONDITIONS = DEBUG;
				SWIFT_OPTIMIZATION_LEVEL = "-Onone";
			};
			name = Debug;
		};
		77860318218D1BD40036843F /* Release */ = {
			isa = XCBuildConfiguration;
			buildSettings = {
				ALWAYS_SEARCH_USER_PATHS = NO;
				CLANG_ANALYZER_NONNULL = YES;
				CLANG_ANALYZER_NUMBER_OBJECT_CONVERSION = YES_AGGRESSIVE;
				CLANG_CXX_LANGUAGE_STANDARD = "gnu++14";
				CLANG_CXX_LIBRARY = "libc++";
				CLANG_ENABLE_MODULES = YES;
				CLANG_ENABLE_OBJC_ARC = YES;
				CLANG_ENABLE_OBJC_WEAK = YES;
				CLANG_WARN_BLOCK_CAPTURE_AUTORELEASING = YES;
				CLANG_WARN_BOOL_CONVERSION = YES;
				CLANG_WARN_COMMA = YES;
				CLANG_WARN_CONSTANT_CONVERSION = YES;
				CLANG_WARN_DEPRECATED_OBJC_IMPLEMENTATIONS = YES;
				CLANG_WARN_DIRECT_OBJC_ISA_USAGE = YES_ERROR;
				CLANG_WARN_DOCUMENTATION_COMMENTS = YES;
				CLANG_WARN_EMPTY_BODY = YES;
				CLANG_WARN_ENUM_CONVERSION = YES;
				CLANG_WARN_INFINITE_RECURSION = YES;
				CLANG_WARN_INT_CONVERSION = YES;
				CLANG_WARN_NON_LITERAL_NULL_CONVERSION = YES;
				CLANG_WARN_OBJC_IMPLICIT_RETAIN_SELF = YES;
				CLANG_WARN_OBJC_LITERAL_CONVERSION = YES;
				CLANG_WARN_OBJC_ROOT_CLASS = YES_ERROR;
				CLANG_WARN_RANGE_LOOP_ANALYSIS = YES;
				CLANG_WARN_STRICT_PROTOTYPES = YES;
				CLANG_WARN_SUSPICIOUS_MOVE = YES;
				CLANG_WARN_UNGUARDED_AVAILABILITY = YES_AGGRESSIVE;
				CLANG_WARN_UNREACHABLE_CODE = YES;
				CLANG_WARN__DUPLICATE_METHOD_MATCH = YES;
				CODE_SIGN_IDENTITY = "iPhone Developer";
				COPY_PHASE_STRIP = NO;
				DEBUG_INFORMATION_FORMAT = "dwarf-with-dsym";
				ENABLE_NS_ASSERTIONS = NO;
				ENABLE_STRICT_OBJC_MSGSEND = YES;
				GCC_C_LANGUAGE_STANDARD = gnu11;
				GCC_NO_COMMON_BLOCKS = YES;
				GCC_WARN_64_TO_32_BIT_CONVERSION = YES;
				GCC_WARN_ABOUT_RETURN_TYPE = YES_ERROR;
				GCC_WARN_UNDECLARED_SELECTOR = YES;
				GCC_WARN_UNINITIALIZED_AUTOS = YES_AGGRESSIVE;
				GCC_WARN_UNUSED_FUNCTION = YES;
				GCC_WARN_UNUSED_VARIABLE = YES;
				IPHONEOS_DEPLOYMENT_TARGET = 12.0;
				MTL_ENABLE_DEBUG_INFO = NO;
				MTL_FAST_MATH = YES;
				SDKROOT = iphoneos;
				SWIFT_COMPILATION_MODE = wholemodule;
				SWIFT_OPTIMIZATION_LEVEL = "-O";
				VALIDATE_PRODUCT = YES;
			};
			name = Release;
		};
		7786031A218D1BD40036843F /* Debug */ = {
			isa = XCBuildConfiguration;
			baseConfigurationReference = 9D3C71660855556329A7BF9B /* Pods-Fornax.debug.xcconfig */;
			buildSettings = {
				ASSETCATALOG_COMPILER_APPICON_NAME = AppIcon;
				CODE_SIGN_STYLE = Automatic;
				DEVELOPMENT_TEAM = 6F6VXZUKN5;
				INFOPLIST_FILE = "$(SRCROOT)/Sources/Info.plist";
				LD_RUNPATH_SEARCH_PATHS = (
					"$(inherited)",
					"@executable_path/Frameworks",
				);
				PRODUCT_BUNDLE_IDENTIFIER = com.keefertaylor.Fornax;
				PRODUCT_NAME = "$(TARGET_NAME)";
				SWIFT_VERSION = 4.2;
				TARGETED_DEVICE_FAMILY = "1,2";
			};
			name = Debug;
		};
		7786031B218D1BD40036843F /* Release */ = {
			isa = XCBuildConfiguration;
			baseConfigurationReference = AD842490512F153F68EEA1DF /* Pods-Fornax.release.xcconfig */;
			buildSettings = {
				ASSETCATALOG_COMPILER_APPICON_NAME = AppIcon;
				CODE_SIGN_STYLE = Automatic;
				DEVELOPMENT_TEAM = 6F6VXZUKN5;
				INFOPLIST_FILE = "$(SRCROOT)/Sources/Info.plist";
				LD_RUNPATH_SEARCH_PATHS = (
					"$(inherited)",
					"@executable_path/Frameworks",
				);
				PRODUCT_BUNDLE_IDENTIFIER = com.keefertaylor.Fornax;
				PRODUCT_NAME = "$(TARGET_NAME)";
				SWIFT_VERSION = 4.2;
				TARGETED_DEVICE_FAMILY = "1,2";
			};
			name = Release;
		};
/* End XCBuildConfiguration section */

/* Begin XCConfigurationList section */
		77860302218D1BD30036843F /* Build configuration list for PBXProject "Fornax" */ = {
			isa = XCConfigurationList;
			buildConfigurations = (
				77860317218D1BD40036843F /* Debug */,
				77860318218D1BD40036843F /* Release */,
			);
			defaultConfigurationIsVisible = 0;
			defaultConfigurationName = Release;
		};
		77860319218D1BD40036843F /* Build configuration list for PBXNativeTarget "Fornax" */ = {
			isa = XCConfigurationList;
			buildConfigurations = (
				7786031A218D1BD40036843F /* Debug */,
				7786031B218D1BD40036843F /* Release */,
			);
			defaultConfigurationIsVisible = 0;
			defaultConfigurationName = Release;
		};
/* End XCConfigurationList section */
	};
	rootObject = 778602FF218D1BD30036843F /* Project object */;
}
